schema = 1
profile = "personal"
pack = []
override = []

[core]
id = "agent-constitution"
repo = "https://github.com/BernardUriza/agent-constitution.git"
rev = "f4149f8fa14f10be54c8cf0edb2ed4264222fe42"
tree = "sha256:417310deb9985f96b536d06f4f333278e6cf7218fda9176991a7e02b721e8952"

[repo]
id = "vegan-advocacy-companion"
surfaces = ["CLAUDE.md", ".claude/CLAUDE.md", ".claude/rules/**", ".claude/overrides/**"]
imports = []
surfaces_tree = "sha256:56537fb0bc064db294a2576a2d46ac17ef23ca8de03911d3254cc97a8b387d1f"

[hooks]
entries = [
  { id = "always-on-invariants", from = "core", event = "PreToolUse", matcher = "Write|Edit|Bash" },
  { id = "currency-field-formatter", from = "core", event = "PreToolUse", matcher = "mcp__chrome-devtools__fill|mcp__chrome-devtools__fill_form" },
  { id = "never-print-secret-bearing-file", from = "core", event = "PreToolUse", matcher = "Bash" },
  { id = "new-rule-requires-owner-search", from = "core", event = "PreToolUse", matcher = "Write|Edit|Bash" },
]
tree = "sha256:fc4c4f53208b5f8451ca4317f3539cddcb6940a86cf29280b4cf17689c0a9cb4"

[resolution]
gates = ["core", "bernard"]
policy = ["repo", "bernard", "core"]
methodology = []

[lock]
canonical_sha256 = "79d80bd3b4d31abe86d05fd42f4112bb72d726a637b2f1e3a25bbc3e97d84d33"

[[overlay]]
id = "bernard"
layer = "personal"
scope = "machine-only"
repo = "https://github.com/BernardUriza/constitution-bernard.git"
rev = "50726223b6af798c854c78ed71c69cbd9241f709"
tree = "sha256:b9146a683f4bba269ac6ee1ec7fccf2ad4f5bf65dfe095e7d465e5d1420d191a"
