schema = 1
profile = "personal"
pack = []
override = []

[core]
id = "agent-constitution"
repo = "https://github.com/BernardUriza/agent-constitution.git"
rev = "38ba1cf9afbd2c63dbf6b9061573572fa4bb5fc9"
tree = "sha256:586ffd222f887c29106d9d4d3a44a5cb47884b4201b9813e312cce13a4752fcc"

[repo]
id = "vegan-advocacy-companion"
surfaces = ["CLAUDE.md", ".claude/CLAUDE.md", ".claude/rules/**", ".claude/overrides/**"]
imports = []
surfaces_tree = "sha256:5d065fe30a5d7af4238212593940b1b29c38bb157beb7e8529ff62193b70243f"

[hooks]
entries = [
  { id = "always-on-invariants", from = "core", event = "PreToolUse", matcher = "Write|Edit|Bash" },
  { id = "currency-field-formatter", from = "core", event = "PreToolUse", matcher = "mcp__chrome-devtools__fill|mcp__chrome-devtools__fill_form" },
  { id = "never-print-secret-bearing-file", from = "core", event = "PreToolUse", matcher = "Bash" },
  { id = "new-rule-requires-owner-search", from = "core", event = "PreToolUse", matcher = "Write|Edit|Bash" },
]
tree = "sha256:fc4c4f53208b5f8451ca4317f3539cddcb6940a86cf29280b4cf17689c0a9cb4"

[resolution]
gates = ["core", "bernard"]
policy = ["repo", "bernard", "core"]
methodology = []

[lock]
canonical_sha256 = "83d01fd3106ae125fa10e5ee1eba7d5479a3070d84640025ee8a92326cea0167"

[[overlay]]
id = "bernard"
layer = "personal"
scope = "machine-only"
repo = "https://github.com/BernardUriza/constitution-bernard.git"
rev = "19706ded90147896eae21fd8807eb242f36f36cf"
tree = "sha256:5e8f7062696fbee852bb19ade23491fafdb29e564a05f8d507d9054ed529ce77"
