schema = 1
profile = "personal"
pack = []
override = []

[core]
id = "agent-constitution"
repo = "https://github.com/BernardUriza/agent-constitution.git"
rev = "2e9c857913a16ba845a91a96941b9825ed1450ed"
tree = "sha256:417310deb9985f96b536d06f4f333278e6cf7218fda9176991a7e02b721e8952"

[repo]
id = "vegan-advocacy-companion"
surfaces = ["CLAUDE.md", ".claude/CLAUDE.md", ".claude/rules/**", ".claude/overrides/**"]
imports = []
surfaces_tree = "sha256:f550821436c01f65b9adda71bd031a6c55d1313fb0e14df03ba6681a0f9c7a4d"

[hooks]
entries = [
  { id = "always-on-invariants", from = "core", event = "PreToolUse", matcher = "Write|Edit|Bash" },
  { id = "currency-field-formatter", from = "core", event = "PreToolUse", matcher = "mcp__chrome-devtools__fill|mcp__chrome-devtools__fill_form" },
  { id = "never-print-secret-bearing-file", from = "core", event = "PreToolUse", matcher = "Bash" },
  { id = "new-rule-requires-owner-search", from = "core", event = "PreToolUse", matcher = "Write|Edit|Bash" },
]
tree = "sha256:fc4c4f53208b5f8451ca4317f3539cddcb6940a86cf29280b4cf17689c0a9cb4"

[resolution]
gates = ["core", "bernard"]
policy = ["repo", "bernard", "core"]
methodology = []

[lock]
canonical_sha256 = "2bcd2bf71cfdf4a5c02970a1e81a0d7bd2f3b0f5f2c539c6ee9124095eb33b8b"

[[overlay]]
id = "bernard"
layer = "personal"
scope = "machine-only"
repo = "https://github.com/BernardUriza/constitution-bernard.git"
rev = "58f25f12b7e1435c89c1e2e33e6ca6bd76e6a917"
tree = "sha256:a564025b22d7d6bb2c23de421b1148ff59969d8b95b4ad29608b09f1d12a263d"
